# This file is automatically @generated by Cargo.
# It is not intended for manual editing.
version = 3

[[package]]
name = "backdoor"
version = "0.1.0"
dependencies = [
 "easyinput",
]

[[package]]
name = "easyinput"
version = "0.1.0"
source = "registry+https://github.com/rust-lang/crates.io-index"
checksum = "20b85f63901f36c0a19dc15f76f94efcdc08c5c86858e13f4788f0762e88aaf0"
